
Microsoft Visual Studio Solution File, Format Version 12.00
# Visual Studio Version 17
VisualStudioVersion = 17.5.002.0
MinimumVisualStudioVersion = 10.0.40219.1
Project("{9A19103F-16F7-4668-BE54-9A1E7A4F7556}") = "ejemplo-ciclos-combinados", "ejemplo-ciclos-combinados\ejemplo-ciclos-combinados.csproj", "{CCE06F21-48E7-467A-A98C-8FFE858632B1}"
EndProject
Global
	GlobalSection(SolutionConfigurationPlatforms) = preSolution
		Debug|Any CPU = Debug|Any CPU
		Release|Any CPU = Release|Any CPU
	EndGlobalSection
	GlobalSection(ProjectConfigurationPlatforms) = postSolution
		{CCE06F21-48E7-467A-A98C-8FFE858632B1}.Debug|Any CPU.ActiveCfg = Debug|Any CPU
		{CCE06F21-48E7-467A-A98C-8FFE858632B1}.Debug|Any CPU.Build.0 = Debug|Any CPU
		{CCE06F21-48E7-467A-A98C-8FFE858632B1}.Release|Any CPU.ActiveCfg = Release|Any CPU
		{CCE06F21-48E7-467A-A98C-8FFE858632B1}.Release|Any CPU.Build.0 = Release|Any CPU
	EndGlobalSection
	GlobalSection(SolutionProperties) = preSolution
		HideSolutionNode = FALSE
	EndGlobalSection
	GlobalSection(ExtensibilityGlobals) = postSolution
		SolutionGuid = {6D58C041-F6E8-4AF7-A870-B8CCF27E6FAC}
	EndGlobalSection
EndGlobal
